
Microsoft Visual Studio Solution File, Format Version 12.00
Project("{FAE04EC0-301F-11D3-BF4B-00C04F79EFBC}") = "InventoryManager", "InventoryManager\InventoryManager.csproj", "{D087E4CA-13A7-4319-A25E-2B8070CC6364}"
EndProject
Project("{FAE04EC0-301F-11D3-BF4B-00C04F79EFBC}") = "TestInventoryManager", "TestInventoryManager\TestInventoryManager.csproj", "{C290EB37-3589-4795-B9B9-E57685847A7E}"
EndProject
Global
	GlobalSection(SolutionConfigurationPlatforms) = preSolution
		Debug|Any CPU = Debug|Any CPU
		Release|Any CPU = Release|Any CPU
	EndGlobalSection
	GlobalSection(ProjectConfigurationPlatforms) = postSolution
		{D087E4CA-13A7-4319-A25E-2B8070CC6364}.Debug|Any CPU.ActiveCfg = Debug|Any CPU
		{D087E4CA-13A7-4319-A25E-2B8070CC6364}.Debug|Any CPU.Build.0 = Debug|Any CPU
		{D087E4CA-13A7-4319-A25E-2B8070CC6364}.Release|Any CPU.ActiveCfg = Release|Any CPU
		{D087E4CA-13A7-4319-A25E-2B8070CC6364}.Release|Any CPU.Build.0 = Release|Any CPU
		{C290EB37-3589-4795-B9B9-E57685847A7E}.Debug|Any CPU.ActiveCfg = Debug|Any CPU
		{C290EB37-3589-4795-B9B9-E57685847A7E}.Debug|Any CPU.Build.0 = Debug|Any CPU
		{C290EB37-3589-4795-B9B9-E57685847A7E}.Release|Any CPU.ActiveCfg = Release|Any CPU
		{C290EB37-3589-4795-B9B9-E57685847A7E}.Release|Any CPU.Build.0 = Release|Any CPU
	EndGlobalSection
EndGlobal
